
Microsoft Visual Studio Solution File, Format Version 12.00
# Visual Studio Version 17
VisualStudioVersion = 17.11.35327.3
MinimumVisualStudioVersion = 10.0.40219.1
Project("{FAE04EC0-301F-11D3-BF4B-00C04F79EFBC}") = "up1 karta dzwiekowa", "up1 karta dzwiekowa\up1 karta dzwiekowa.csproj", "{BDF40337-50D6-4B66-876F-0AE18DCF7BCD}"
EndProject
Global
	GlobalSection(SolutionConfigurationPlatforms) = preSolution
		Debug|Any CPU = Debug|Any CPU
		Release|Any CPU = Release|Any CPU
	EndGlobalSection
	GlobalSection(ProjectConfigurationPlatforms) = postSolution
		{BDF40337-50D6-4B66-876F-0AE18DCF7BCD}.Debug|Any CPU.ActiveCfg = Debug|Any CPU
		{BDF40337-50D6-4B66-876F-0AE18DCF7BCD}.Debug|Any CPU.Build.0 = Debug|Any CPU
		{BDF40337-50D6-4B66-876F-0AE18DCF7BCD}.Release|Any CPU.ActiveCfg = Release|Any CPU
		{BDF40337-50D6-4B66-876F-0AE18DCF7BCD}.Release|Any CPU.Build.0 = Release|Any CPU
	EndGlobalSection
	GlobalSection(SolutionProperties) = preSolution
		HideSolutionNode = FALSE
	EndGlobalSection
	GlobalSection(ExtensibilityGlobals) = postSolution
		SolutionGuid = {8F39C911-8CF9-4A74-AC6F-4D86899C3C94}
	EndGlobalSection
EndGlobal
